# This file is autogenerated, do not edit; changes may be undone by the next 'dep ensure'.


[[projects]]
  name = "github.com/BurntSushi/toml"
  packages = ["."]
  revision = "b26d9c308763d68093482582cea63d69be07a0f0"
  version = "v0.3.0"

[[projects]]
  name = "github.com/joho/godotenv"
  packages = ["."]
  revision = "a79fa1e548e2c689c241d10173efd51e5d689d5b"
  version = "v1.2.0"

[[projects]]
  name = "github.com/leonidboykov/getmoe"
  packages = [
    ".",
    "board/sankaku",
    "utils"
  ]
  revision = "0b391fb3f6f22986eefa061f63e163eec766f6f2"
  version = "v0.1.0"

[solve-meta]
  analyzer-name = "dep"
  analyzer-version = 1
  inputs-digest = "8df3ace81152b9ad726ad2ff443a5789c586f9d3dbd601fbdbf3277e1f8cc594"
  solver-name = "gps-cdcl"
  solver-version = 1
