# This file is autogenerated, do not edit; changes may be undone by the next 'dep ensure'.


[[projects]]
  digest = "1:b16fbfbcc20645cb419f78325bb2e85ec729b338e996a228124d68931a6f2a37"
  name = "github.com/BurntSushi/toml"
  packages = ["."]
  pruneopts = "UT"
  revision = "b26d9c308763d68093482582cea63d69be07a0f0"
  version = "v0.3.0"

[[projects]]
  branch = "master"
  digest = "1:e0361634f0b5e1fd3227eaec90a86bc8595cb2526e71e41bcd72b6e474e198ca"
  name = "github.com/globalsign/mgo"
  packages = [
    ".",
    "bson",
    "internal/json",
    "internal/sasl",
    "internal/scram",
  ]
  pruneopts = "UT"
  revision = "1ca0a4f7cbcbe61c005d1bd43fdd8bb8b71df6bc"

[[projects]]
  digest = "1:8eb1de8112c9924d59bf1d3e5c26f5eaa2bfc2a5fcbb92dc1c2e4546d695f277"
  name = "github.com/imdario/mergo"
  packages = ["."]
  pruneopts = "UT"
  revision = "9f23e2d6bd2a77f959b2bf6acdbefd708a83a4a4"
  version = "v0.3.6"

[[projects]]
  digest = "1:ecd9aa82687cf31d1585d4ac61d0ba180e42e8a6182b85bd785fcca8dfeefc1b"
  name = "github.com/joho/godotenv"
  packages = ["."]
  pruneopts = "UT"
  revision = "23d116af351c84513e1946b527c88823e476be13"
  version = "v1.3.0"

[[projects]]
  digest = "1:edbef42561faa44c19129b68d1e109fbc1647f63239250391eadc8d0e7c9f669"
  name = "github.com/kelseyhightower/envconfig"
  packages = ["."]
  pruneopts = "UT"
  revision = "f611eb38b3875cc3bd991ca91c51d06446afa14c"
  version = "v1.3.0"

[[projects]]
  digest = "1:2bcdbe3464ca12ba1745ecced3c7731c2f732fc853eb3a7b3594c1f16303bf7f"
  name = "github.com/leonidboykov/getmoe"
  packages = [
    ".",
    "board",
    "conf",
    "internal/hash",
    "internal/query",
    "provider",
    "provider/danbooru",
    "provider/gelbooru",
    "provider/moebooru",
    "provider/sankaku",
    "utils",
  ]
  pruneopts = "UT"
  revision = "a9e6aa56dacf299857be39242484d27cb865635a"
  version = "v0.2.0"

[[projects]]
  digest = "1:342378ac4dcb378a5448dd723f0784ae519383532f5e70ade24132c4c8693202"
  name = "gopkg.in/yaml.v2"
  packages = ["."]
  pruneopts = "UT"
  revision = "5420a8b6744d3b0345ab293f6fcba19c978f1183"
  version = "v2.2.1"

[solve-meta]
  analyzer-name = "dep"
  analyzer-version = 1
  input-imports = [
    "github.com/BurntSushi/toml",
    "github.com/globalsign/mgo",
    "github.com/globalsign/mgo/bson",
    "github.com/joho/godotenv",
    "github.com/kelseyhightower/envconfig",
    "github.com/leonidboykov/getmoe",
    "github.com/leonidboykov/getmoe/board",
    "github.com/leonidboykov/getmoe/conf",
  ]
  solver-name = "gps-cdcl"
  solver-version = 1
